// !$*UTF8*$!
{
	archiveVersion = 1;
	classes = {
	};
	objectVersion = 50;
	objects = {

/* Begin PBXBuildFile section */
		D4609401243ED8210054C86C /* AppDelegate.swift in Sources */ = {isa = PBXBuildFile; fileRef = D4609400243ED8210054C86C /* AppDelegate.swift */; };
		D4609403243ED8210054C86C /* SceneDelegate.swift in Sources */ = {isa = PBXBuildFile; fileRef = D4609402243ED8210054C86C /* SceneDelegate.swift */; };
		D4609405243ED8210054C86C /* ContentView.swift in Sources */ = {isa = PBXBuildFile; fileRef = D4609404243ED8210054C86C /* ContentView.swift */; };
		D4609407243ED8240054C86C /* Assets.xcassets in Resources */ = {isa = PBXBuildFile; fileRef = D4609406243ED8240054C86C /* Assets.xcassets */; };
		D460940A243ED8240054C86C /* Preview Assets.xcassets in Resources */ = {isa = PBXBuildFile; fileRef = D4609409243ED8240054C86C /* Preview Assets.xcassets */; };
		D460940D243ED8240054C86C /* LaunchScreen.storyboard in Resources */ = {isa = PBXBuildFile; fileRef = D460940B243ED8240054C86C /* LaunchScreen.storyboard */; };
		D4609415243ED8B90054C86C /* CardView.swift in Sources */ = {isa = PBXBuildFile; fileRef = D4609414243ED8B90054C86C /* CardView.swift */; };
/* End PBXBuildFile section */

/* Begin PBXFileReference section */
		D46093FD243ED8210054C86C /* Calendario.app */ = {isa = PBXFileReference; explicitFileType = wrapper.application; includeInIndex = 0; path = Calendario.app; sourceTree = BUILT_PRODUCTS_DIR; };
		D4609400243ED8210054C86C /* AppDelegate.swift */ = {isa = PBXFileReference; lastKnownFileType = sourcecode.swift; path = AppDelegate.swift; sourceTree = "<group>"; };
		D4609402243ED8210054C86C /* SceneDelegate.swift */ = {isa = PBXFileReference; lastKnownFileType = sourcecode.swift; path = SceneDelegate.swift; sourceTree = "<group>"; };
		D4609404243ED8210054C86C /* ContentView.swift */ = {isa = PBXFileReference; lastKnownFileType = sourcecode.swift; path = ContentView.swift; sourceTree = "<group>"; };
		D4609406243ED8240054C86C /* Assets.xcassets */ = {isa = PBXFileReference; lastKnownFileType = folder.assetcatalog; path = Assets.xcassets; sourceTree = "<group>"; };
		D4609409243ED8240054C86C /* Preview Assets.xcassets */ = {isa = PBXFileReference; lastKnownFileType = folder.assetcatalog; path = "Preview Assets.xcassets"; sourceTree = "<group>"; };
		D460940C243ED8240054C86C /* Base */ = {isa = PBXFileReference; lastKnownFileType = file.storyboard; name = Base; path = Base.lproj/LaunchScreen.storyboard; sourceTree = "<group>"; };
		D460940E243ED8240054C86C /* Info.plist */ = {isa = PBXFileReference; lastKnownFileType = text.plist.xml; path = Info.plist; sourceTree = "<group>"; };
		D4609414243ED8B90054C86C /* CardView.swift */ = {isa = PBXFileReference; lastKnownFileType = sourcecode.swift; path = CardView.swift; sourceTree = "<group>"; };
/* End PBXFileReference section */

/* Begin PBXFrameworksBuildPhase section */
		D46093FA243ED8210054C86C /* Frameworks */ = {
			isa = PBXFrameworksBuildPhase;
			buildActionMask = 2147483647;
			files = (
			);
			runOnlyForDeploymentPostprocessing = 0;
		};
/* End PBXFrameworksBuildPhase section */

/* Begin PBXGroup section */
		D46093F4243ED8200054C86C = {
			isa = PBXGroup;
			children = (
				D46093FF243ED8210054C86C /* Calendario */,
				D46093FE243ED8210054C86C /* Products */,
			);
			sourceTree = "<group>";
		};
		D46093FE243ED8210054C86C /* Products */ = {
			isa = PBXGroup;
			children = (
				D46093FD243ED8210054C86C /* Calendario.app */,
			);
			name = Products;
			sourceTree = "<group>";
		};
		D46093FF243ED8210054C86C /* Calendario */ = {
			isa = PBXGroup;
			children = (
				D4609400243ED8210054C86C /* AppDelegate.swift */,
				D4609402243ED8210054C86C /* SceneDelegate.swift */,
				D4609404243ED8210054C86C /* ContentView.swift */,
				D4609414243ED8B90054C86C /* CardView.swift */,
				D4609406243ED8240054C86C /* Assets.xcassets */,
				D460940B243ED8240054C86C /* LaunchScreen.storyboard */,
				D460940E243ED8240054C86C /* Info.plist */,
				D4609408243ED8240054C86C /* Preview Content */,
			);
			path = Calendario;
			sourceTree = "<group>";
		};
		D4609408243ED8240054C86C /* Preview Content */ = {
			isa = PBXGroup;
			children = (
				D4609409243ED8240054C86C /* Preview Assets.xcassets */,
			);
			path = "Preview Content";
			sourceTree = "<group>";
		};
/* End PBXGroup section */

/* Begin PBXNativeTarget section */
		D46093FC243ED8210054C86C /* Calendario */ = {
			isa = PBXNativeTarget;
			buildConfigurationList = D4609411243ED8240054C86C /* Build configuration list for PBXNativeTarget "Calendario" */;
			buildPhases = (
				D46093F9243ED8210054C86C /* Sources */,
				D46093FA243ED8210054C86C /* Frameworks */,
				D46093FB243ED8210054C86C /* Resources */,
			);
			buildRules = (
			);
			dependencies = (
			);
			name = Calendario;
			productName = Calendario;
			productReference = D46093FD243ED8210054C86C /* Calendario.app */;
			productType = "com.apple.product-type.application";
		};
/* End PBXNativeTarget section */

/* Begin PBXProject section */
		D46093F5243ED8200054C86C /* Project object */ = {
			isa = PBXProject;
			attributes = {
				LastSwiftUpdateCheck = 1130;
				LastUpgradeCheck = 1130;
				ORGANIZATIONNAME = "Oscar Muñoz Rubalcava";
				TargetAttributes = {
					D46093FC243ED8210054C86C = {
						CreatedOnToolsVersion = 11.3.1;
					};
				};
			};
			buildConfigurationList = D46093F8243ED8200054C86C /* Build configuration list for PBXProject "Calendario" */;
			compatibilityVersion = "Xcode 9.3";
			developmentRegion = en;
			hasScannedForEncodings = 0;
			knownRegions = (
				en,
				Base,
			);
			mainGroup = D46093F4243ED8200054C86C;
			productRefGroup = D46093FE243ED8210054C86C /* Products */;
			projectDirPath = "";
			projectRoot = "";
			targets = (
				D46093FC243ED8210054C86C /* Calendario */,
			);
		};
/* End PBXProject section */

/* Begin PBXResourcesBuildPhase section */
		D46093FB243ED8210054C86C /* Resources */ = {
			isa = PBXResourcesBuildPhase;
			buildActionMask = 2147483647;
			files = (
				D460940D243ED8240054C86C /* LaunchScreen.storyboard in Resources */,
				D460940A243ED8240054C86C /* Preview Assets.xcassets in Resources */,
				D4609407243ED8240054C86C /* Assets.xcassets in Resources */,
			);
			runOnlyForDeploymentPostprocessing = 0;
		};
/* End PBXResourcesBuildPhase section */

/* Begin PBXSourcesBuildPhase section */
		D46093F9243ED8210054C86C /* Sources */ = {
			isa = PBXSourcesBuildPhase;
			buildActionMask = 2147483647;
			files = (
				D4609401243ED8210054C86C /* AppDelegate.swift in Sources */,
				D4609403243ED8210054C86C /* SceneDelegate.swift in Sources */,
				D4609415243ED8B90054C86C /* CardView.swift in Sources */,
				D4609405243ED8210054C86C /* ContentView.swift in Sources */,
			);
			runOnlyForDeploymentPostprocessing = 0;
		};
/* End PBXSourcesBuildPhase section */

/* Begin PBXVariantGroup section */
		D460940B243ED8240054C86C /* LaunchScreen.storyboard */ = {
			isa = PBXVariantGroup;
			children = (
				D460940C243ED8240054C86C /* Base */,
			);
			name = LaunchScreen.storyboard;
			sourceTree = "<group>";
		};
/* End PBXVariantGroup section */

/* Begin XCBuildConfiguration section */
		D460940F243ED8240054C86C /* Debug */ = {
			isa = XCBuildConfiguration;
			buildSettings = {
				ALWAYS_SEARCH_USER_PATHS = NO;
				CLANG_ANALYZER_NONNULL = YES;
				CLANG_ANALYZER_NUMBER_OBJECT_CONVERSION = YES_AGGRESSIVE;
				CLANG_CXX_LANGUAGE_STANDARD = "gnu++14";
				CLANG_CXX_LIBRARY = "libc++";
				CLANG_ENABLE_MODULES = YES;
				CLANG_ENABLE_OBJC_ARC = YES;
				CLANG_ENABLE_OBJC_WEAK = YES;
				CLANG_WARN_BLOCK_CAPTURE_AUTORELEASING = YES;
				CLANG_WARN_BOOL_CONVERSION = YES;
				CLANG_WARN_COMMA = YES;
				CLANG_WARN_CONSTANT_CONVERSION = YES;
				CLANG_WARN_DEPRECATED_OBJC_IMPLEMENTATIONS = YES;
				CLANG_WARN_DIRECT_OBJC_ISA_USAGE = YES_ERROR;
				CLANG_WARN_DOCUMENTATION_COMMENTS = YES;
				CLANG_WARN_EMPTY_BODY = YES;
				CLANG_WARN_ENUM_CONVERSION = YES;
				CLANG_WARN_INFINITE_RECURSION = YES;
				CLANG_WARN_INT_CONVERSION = YES;
				CLANG_WARN_NON_LITERAL_NULL_CONVERSION = YES;
				CLANG_WARN_OBJC_IMPLICIT_RETAIN_SELF = YES;
				CLANG_WARN_OBJC_LITERAL_CONVERSION = YES;
				CLANG_WARN_OBJC_ROOT_CLASS = YES_ERROR;
				CLANG_WARN_RANGE_LOOP_ANALYSIS = YES;
				CLANG_WARN_STRICT_PROTOTYPES = YES;
				CLANG_WARN_SUSPICIOUS_MOVE = YES;
				CLANG_WARN_UNGUARDED_AVAILABILITY = YES_AGGRESSIVE;
				CLANG_WARN_UNREACHABLE_CODE = YES;
				CLANG_WARN__DUPLICATE_METHOD_MATCH = YES;
				COPY_PHASE_STRIP = NO;
				DEBUG_INFORMATION_FORMAT = dwarf;
				ENABLE_STRICT_OBJC_MSGSEND = YES;
				ENABLE_TESTABILITY = YES;
				GCC_C_LANGUAGE_STANDARD = gnu11;
				GCC_DYNAMIC_NO_PIC = NO;
				GCC_NO_COMMON_BLOCKS = YES;
				GCC_OPTIMIZATION_LEVEL = 0;
				GCC_PREPROCESSOR_DEFINITIONS = (
					"DEBUG=1",
					"$(inherited)",
				);
				GCC_WARN_64_TO_32_BIT_CONVERSION = YES;
				GCC_WARN_ABOUT_RETURN_TYPE = YES_ERROR;
				GCC_WARN_UNDECLARED_SELECTOR = YES;
				GCC_WARN_UNINITIALIZED_AUTOS = YES_AGGRESSIVE;
				GCC_WARN_UNUSED_FUNCTION = YES;
				GCC_WARN_UNUSED_VARIABLE = YES;
				IPHONEOS_DEPLOYMENT_TARGET = 13.2;
				MTL_ENABLE_DEBUG_INFO = INCLUDE_SOURCE;
				MTL_FAST_MATH = YES;
				ONLY_ACTIVE_ARCH = YES;
				SDKROOT = iphoneos;
				SWIFT_ACTIVE_COMPILATION_CONDITIONS = DEBUG;
				SWIFT_OPTIMIZATION_LEVEL = "-Onone";
			};
			name = Debug;
		};
		D4609410243ED8240054C86C /* Release */ = {
			isa = XCBuildConfiguration;
			buildSettings = {
				ALWAYS_SEARCH_USER_PATHS = NO;
				CLANG_ANALYZER_NONNULL = YES;
				CLANG_ANALYZER_NUMBER_OBJECT_CONVERSION = YES_AGGRESSIVE;
				CLANG_CXX_LANGUAGE_STANDARD = "gnu++14";
				CLANG_CXX_LIBRARY = "libc++";
				CLANG_ENABLE_MODULES = YES;
				CLANG_ENABLE_OBJC_ARC = YES;
				CLANG_ENABLE_OBJC_WEAK = YES;
				CLANG_WARN_BLOCK_CAPTURE_AUTORELEASING = YES;
				CLANG_WARN_BOOL_CONVERSION = YES;
				CLANG_WARN_COMMA = YES;
				CLANG_WARN_CONSTANT_CONVERSION = YES;
				CLANG_WARN_DEPRECATED_OBJC_IMPLEMENTATIONS = YES;
				CLANG_WARN_DIRECT_OBJC_ISA_USAGE = YES_ERROR;
				CLANG_WARN_DOCUMENTATION_COMMENTS = YES;
				CLANG_WARN_EMPTY_BODY = YES;
				CLANG_WARN_ENUM_CONVERSION = YES;
				CLANG_WARN_INFINITE_RECURSION = YES;
				CLANG_WARN_INT_CONVERSION = YES;
				CLANG_WARN_NON_LITERAL_NULL_CONVERSION = YES;
				CLANG_WARN_OBJC_IMPLICIT_RETAIN_SELF = YES;
				CLANG_WARN_OBJC_LITERAL_CONVERSION = YES;
				CLANG_WARN_OBJC_ROOT_CLASS = YES_ERROR;
				CLANG_WARN_RANGE_LOOP_ANALYSIS = YES;
				CLANG_WARN_STRICT_PROTOTYPES = YES;
				CLANG_WARN_SUSPICIOUS_MOVE = YES;
				CLANG_WARN_UNGUARDED_AVAILABILITY = YES_AGGRESSIVE;
				CLANG_WARN_UNREACHABLE_CODE = YES;
				CLANG_WARN__DUPLICATE_METHOD_MATCH = YES;
				COPY_PHASE_STRIP = NO;
				DEBUG_INFORMATION_FORMAT = "dwarf-with-dsym";
				ENABLE_NS_ASSERTIONS = NO;
				ENABLE_STRICT_OBJC_MSGSEND = YES;
				GCC_C_LANGUAGE_STANDARD = gnu11;
				GCC_NO_COMMON_BLOCKS = YES;
				GCC_WARN_64_TO_32_BIT_CONVERSION = YES;
				GCC_WARN_ABOUT_RETURN_TYPE = YES_ERROR;
				GCC_WARN_UNDECLARED_SELECTOR = YES;
				GCC_WARN_UNINITIALIZED_AUTOS = YES_AGGRESSIVE;
				GCC_WARN_UNUSED_FUNCTION = YES;
				GCC_WARN_UNUSED_VARIABLE = YES;
				IPHONEOS_DEPLOYMENT_TARGET = 13.2;
				MTL_ENABLE_DEBUG_INFO = NO;
				MTL_FAST_MATH = YES;
				SDKROOT = iphoneos;
				SWIFT_COMPILATION_MODE = wholemodule;
				SWIFT_OPTIMIZATION_LEVEL = "-O";
				VALIDATE_PRODUCT = YES;
			};
			name = Release;
		};
		D4609412243ED8240054C86C /* Debug */ = {
			isa = XCBuildConfiguration;
			buildSettings = {
				ASSETCATALOG_COMPILER_APPICON_NAME = AppIcon;
				CODE_SIGN_STYLE = Automatic;
				DEVELOPMENT_ASSET_PATHS = "\"Calendario/Preview Content\"";
				ENABLE_PREVIEWS = YES;
				INFOPLIST_FILE = Calendario/Info.plist;
				LD_RUNPATH_SEARCH_PATHS = (
					"$(inherited)",
					"@executable_path/Frameworks",
				);
				PRODUCT_BUNDLE_IDENTIFIER = com.example.Calendario;
				PRODUCT_NAME = "$(TARGET_NAME)";
				SWIFT_VERSION = 5.0;
				TARGETED_DEVICE_FAMILY = "1,2";
			};
			name = Debug;
		};
		D4609413243ED8240054C86C /* Release */ = {
			isa = XCBuildConfiguration;
			buildSettings = {
				ASSETCATALOG_COMPILER_APPICON_NAME = AppIcon;
				CODE_SIGN_STYLE = Automatic;
				DEVELOPMENT_ASSET_PATHS = "\"Calendario/Preview Content\"";
				ENABLE_PREVIEWS = YES;
				INFOPLIST_FILE = Calendario/Info.plist;
				LD_RUNPATH_SEARCH_PATHS = (
					"$(inherited)",
					"@executable_path/Frameworks",
				);
				PRODUCT_BUNDLE_IDENTIFIER = com.example.Calendario;
				PRODUCT_NAME = "$(TARGET_NAME)";
				SWIFT_VERSION = 5.0;
				TARGETED_DEVICE_FAMILY = "1,2";
			};
			name = Release;
		};
/* End XCBuildConfiguration section */

/* Begin XCConfigurationList section */
		D46093F8243ED8200054C86C /* Build configuration list for PBXProject "Calendario" */ = {
			isa = XCConfigurationList;
			buildConfigurations = (
				D460940F243ED8240054C86C /* Debug */,
				D4609410243ED8240054C86C /* Release */,
			);
			defaultConfigurationIsVisible = 0;
			defaultConfigurationName = Release;
		};
		D4609411243ED8240054C86C /* Build configuration list for PBXNativeTarget "Calendario" */ = {
			isa = XCConfigurationList;
			buildConfigurations = (
				D4609412243ED8240054C86C /* Debug */,
				D4609413243ED8240054C86C /* Release */,
			);
			defaultConfigurationIsVisible = 0;
			defaultConfigurationName = Release;
		};
/* End XCConfigurationList section */
	};
	rootObject = D46093F5243ED8200054C86C /* Project object */;
}
